
Microsoft Visual Studio Solution File, Format Version 12.00
Project("{FAE04EC0-301F-11D3-BF4B-00C04F79EFBC}") = "VestgrensaSkjerm", "VestgrensaSkjerm\VestgrensaSkjerm.csproj", "{578B2582-2C04-439F-A35C-CFF5E9AF6B95}"
EndProject
Project("{FAE04EC0-301F-11D3-BF4B-00C04F79EFBC}") = "VestgrensaSkjerm.Common", "VestgrensaSkjerm.Common\VestgrensaSkjerm.Common.csproj", "{46BC96D4-1FD2-4E92-B6F4-7EA640EACE22}"
EndProject
Project("{FAE04EC0-301F-11D3-BF4B-00C04F79EFBC}") = "VestgrensaSkjerm.Data", "VestgrensaSkjerm.Data\VestgrensaSkjerm.Data.csproj", "{B1C80F5A-9D19-4BF5-9F83-FA74598A6447}"
EndProject
Project("{FAE04EC0-301F-11D3-BF4B-00C04F79EFBC}") = "VestgrensaSkjerm.Services", "VestgrensaSkjerm.Services\VestgrensaSkjerm.Services.csproj", "{0F1811E2-2205-47C8-929F-957187C4D675}"
EndProject
Global
	GlobalSection(SolutionConfigurationPlatforms) = preSolution
		Debug|Any CPU = Debug|Any CPU
		Release|Any CPU = Release|Any CPU
	EndGlobalSection
	GlobalSection(ProjectConfigurationPlatforms) = postSolution
		{578B2582-2C04-439F-A35C-CFF5E9AF6B95}.Debug|Any CPU.ActiveCfg = Debug|Any CPU
		{578B2582-2C04-439F-A35C-CFF5E9AF6B95}.Debug|Any CPU.Build.0 = Debug|Any CPU
		{578B2582-2C04-439F-A35C-CFF5E9AF6B95}.Release|Any CPU.ActiveCfg = Release|Any CPU
		{578B2582-2C04-439F-A35C-CFF5E9AF6B95}.Release|Any CPU.Build.0 = Release|Any CPU
		{46BC96D4-1FD2-4E92-B6F4-7EA640EACE22}.Debug|Any CPU.ActiveCfg = Debug|Any CPU
		{46BC96D4-1FD2-4E92-B6F4-7EA640EACE22}.Debug|Any CPU.Build.0 = Debug|Any CPU
		{46BC96D4-1FD2-4E92-B6F4-7EA640EACE22}.Release|Any CPU.ActiveCfg = Release|Any CPU
		{46BC96D4-1FD2-4E92-B6F4-7EA640EACE22}.Release|Any CPU.Build.0 = Release|Any CPU
		{B1C80F5A-9D19-4BF5-9F83-FA74598A6447}.Debug|Any CPU.ActiveCfg = Debug|Any CPU
		{B1C80F5A-9D19-4BF5-9F83-FA74598A6447}.Debug|Any CPU.Build.0 = Debug|Any CPU
		{B1C80F5A-9D19-4BF5-9F83-FA74598A6447}.Release|Any CPU.ActiveCfg = Release|Any CPU
		{B1C80F5A-9D19-4BF5-9F83-FA74598A6447}.Release|Any CPU.Build.0 = Release|Any CPU
		{0F1811E2-2205-47C8-929F-957187C4D675}.Debug|Any CPU.ActiveCfg = Debug|Any CPU
		{0F1811E2-2205-47C8-929F-957187C4D675}.Debug|Any CPU.Build.0 = Debug|Any CPU
		{0F1811E2-2205-47C8-929F-957187C4D675}.Release|Any CPU.ActiveCfg = Release|Any CPU
		{0F1811E2-2205-47C8-929F-957187C4D675}.Release|Any CPU.Build.0 = Release|Any CPU
	EndGlobalSection
EndGlobal
